
Microsoft Visual Studio Solution File, Format Version 12.00
# Visual Studio Version 16
VisualStudioVersion = 16.0.31025.194
MinimumVisualStudioVersion = 10.0.40219.1
Project("{8BC9CEB8-8B4A-11D0-8D11-00A0C91BC942}") = "LAB9_1", "LAB9_1\LAB9_1.vcxproj", "{B13DB9B6-17E9-4E4B-83A0-0B1E79704F9E}"
EndProject
Project("{8BC9CEB8-8B4A-11D0-8D11-00A0C91BC942}") = "LAB9_a", "LAB9_a\LAB9_a.vcxproj", "{D4A23423-F786-428A-BC2B-F671865809B2}"
EndProject
Project("{8BC9CEB8-8B4A-11D0-8D11-00A0C91BC942}") = "LAB9_b", "LAB9_b\LAB9_b.vcxproj", "{CFD9EE76-3673-4195-AAD1-0BCD48801237}"
EndProject
Project("{8BC9CEB8-8B4A-11D0-8D11-00A0C91BC942}") = "LAB9_2", "LAB9_2\LAB9_2.vcxproj", "{24A9D01B-5A45-4F2F-B4B1-F6CCB31933E4}"
EndProject
Project("{8BC9CEB8-8B4A-11D0-8D11-00A0C91BC942}") = "LAB9_3_1", "LAB9_3\LAB9_3.vcxproj", "{A5EC68A0-8DE5-4D31-8F96-AAD6A91BB36A}"
EndProject
Project("{8BC9CEB8-8B4A-11D0-8D11-00A0C91BC942}") = "LAB9_3_2", "LAB9_3_2\LAB9_3_2.vcxproj", "{0644A2A5-19AD-483F-A085-4E2FCB159826}"
EndProject
Project("{8BC9CEB8-8B4A-11D0-8D11-00A0C91BC942}") = "LAB9_4_0", "LAB9_4_0\LAB9_4_0.vcxproj", "{0BB04D72-89D7-44FA-8CF3-F49509731C8D}"
EndProject
Project("{8BC9CEB8-8B4A-11D0-8D11-00A0C91BC942}") = "LAB9_4_a", "LAB9_4_a\LAB9_4_a.vcxproj", "{9CF87AA5-E745-4B32-AC75-D83FCFAEB919}"
EndProject
Project("{8BC9CEB8-8B4A-11D0-8D11-00A0C91BC942}") = "LAB9_4_b", "LAB9_4_b\LAB9_4_b.vcxproj", "{3EFE2E12-86A4-44EF-ACD3-EADE7B38F6C4}"
EndProject
Project("{8BC9CEB8-8B4A-11D0-8D11-00A0C91BC942}") = "HW9_1", "HW9_1\HW9_1.vcxproj", "{282B685C-D500-4D4C-8E3A-0B9038353CDC}"
EndProject
Project("{8BC9CEB8-8B4A-11D0-8D11-00A0C91BC942}") = "HW9_2_1", "HW9_2_1\HW9_2_1.vcxproj", "{9328ADEE-F015-4E50-98F8-6772CBB3C1CD}"
EndProject
Project("{8BC9CEB8-8B4A-11D0-8D11-00A0C91BC942}") = "HW9_2_2", "HW9_2_2\HW9_2_2.vcxproj", "{EAD15F69-78E9-4BF8-9032-C76F83003516}"
EndProject
Project("{8BC9CEB8-8B4A-11D0-8D11-00A0C91BC942}") = "HW9_3", "HW9_3\HW9_3.vcxproj", "{CEE7DBBC-24A3-48E2-BF52-E70C8B5F2581}"
EndProject
Project("{8BC9CEB8-8B4A-11D0-8D11-00A0C91BC942}") = "HW9_4", "HW9_4\HW9_4.vcxproj", "{B80B24CA-BB49-4EE9-AC0A-C85EF21E92AF}"
EndProject
Project("{8BC9CEB8-8B4A-11D0-8D11-00A0C91BC942}") = "HW9_6", "HW9_6\HW9_6.vcxproj", "{5082FBB5-DAFD-438D-BF23-F0FF2D474329}"
EndProject
Global
	GlobalSection(SolutionConfigurationPlatforms) = preSolution
		Debug|x64 = Debug|x64
		Debug|x86 = Debug|x86
		Release|x64 = Release|x64
		Release|x86 = Release|x86
	EndGlobalSection
	GlobalSection(ProjectConfigurationPlatforms) = postSolution
		{B13DB9B6-17E9-4E4B-83A0-0B1E79704F9E}.Debug|x64.ActiveCfg = Debug|x64
		{B13DB9B6-17E9-4E4B-83A0-0B1E79704F9E}.Debug|x64.Build.0 = Debug|x64
		{B13DB9B6-17E9-4E4B-83A0-0B1E79704F9E}.Debug|x86.ActiveCfg = Debug|Win32
		{B13DB9B6-17E9-4E4B-83A0-0B1E79704F9E}.Debug|x86.Build.0 = Debug|Win32
		{B13DB9B6-17E9-4E4B-83A0-0B1E79704F9E}.Release|x64.ActiveCfg = Release|x64
		{B13DB9B6-17E9-4E4B-83A0-0B1E79704F9E}.Release|x64.Build.0 = Release|x64
		{B13DB9B6-17E9-4E4B-83A0-0B1E79704F9E}.Release|x86.ActiveCfg = Release|Win32
		{B13DB9B6-17E9-4E4B-83A0-0B1E79704F9E}.Release|x86.Build.0 = Release|Win32
		{D4A23423-F786-428A-BC2B-F671865809B2}.Debug|x64.ActiveCfg = Debug|x64
		{D4A23423-F786-428A-BC2B-F671865809B2}.Debug|x64.Build.0 = Debug|x64
		{D4A23423-F786-428A-BC2B-F671865809B2}.Debug|x86.ActiveCfg = Debug|Win32
		{D4A23423-F786-428A-BC2B-F671865809B2}.Debug|x86.Build.0 = Debug|Win32
		{D4A23423-F786-428A-BC2B-F671865809B2}.Release|x64.ActiveCfg = Release|x64
		{D4A23423-F786-428A-BC2B-F671865809B2}.Release|x64.Build.0 = Release|x64
		{D4A23423-F786-428A-BC2B-F671865809B2}.Release|x86.ActiveCfg = Release|Win32
		{D4A23423-F786-428A-BC2B-F671865809B2}.Release|x86.Build.0 = Release|Win32
		{CFD9EE76-3673-4195-AAD1-0BCD48801237}.Debug|x64.ActiveCfg = Debug|x64
		{CFD9EE76-3673-4195-AAD1-0BCD48801237}.Debug|x64.Build.0 = Debug|x64
		{CFD9EE76-3673-4195-AAD1-0BCD48801237}.Debug|x86.ActiveCfg = Debug|Win32
		{CFD9EE76-3673-4195-AAD1-0BCD48801237}.Debug|x86.Build.0 = Debug|Win32
		{CFD9EE76-3673-4195-AAD1-0BCD48801237}.Release|x64.ActiveCfg = Release|x64
		{CFD9EE76-3673-4195-AAD1-0BCD48801237}.Release|x64.Build.0 = Release|x64
		{CFD9EE76-3673-4195-AAD1-0BCD48801237}.Release|x86.ActiveCfg = Release|Win32
		{CFD9EE76-3673-4195-AAD1-0BCD48801237}.Release|x86.Build.0 = Release|Win32
		{24A9D01B-5A45-4F2F-B4B1-F6CCB31933E4}.Debug|x64.ActiveCfg = Debug|x64
		{24A9D01B-5A45-4F2F-B4B1-F6CCB31933E4}.Debug|x64.Build.0 = Debug|x64
		{24A9D01B-5A45-4F2F-B4B1-F6CCB31933E4}.Debug|x86.ActiveCfg = Debug|Win32
		{24A9D01B-5A45-4F2F-B4B1-F6CCB31933E4}.Debug|x86.Build.0 = Debug|Win32
		{24A9D01B-5A45-4F2F-B4B1-F6CCB31933E4}.Release|x64.ActiveCfg = Release|x64
		{24A9D01B-5A45-4F2F-B4B1-F6CCB31933E4}.Release|x64.Build.0 = Release|x64
		{24A9D01B-5A45-4F2F-B4B1-F6CCB31933E4}.Release|x86.ActiveCfg = Release|Win32
		{24A9D01B-5A45-4F2F-B4B1-F6CCB31933E4}.Release|x86.Build.0 = Release|Win32
		{A5EC68A0-8DE5-4D31-8F96-AAD6A91BB36A}.Debug|x64.ActiveCfg = Debug|x64
		{A5EC68A0-8DE5-4D31-8F96-AAD6A91BB36A}.Debug|x64.Build.0 = Debug|x64
		{A5EC68A0-8DE5-4D31-8F96-AAD6A91BB36A}.Debug|x86.ActiveCfg = Debug|Win32
		{A5EC68A0-8DE5-4D31-8F96-AAD6A91BB36A}.Debug|x86.Build.0 = Debug|Win32
		{A5EC68A0-8DE5-4D31-8F96-AAD6A91BB36A}.Release|x64.ActiveCfg = Release|x64
		{A5EC68A0-8DE5-4D31-8F96-AAD6A91BB36A}.Release|x64.Build.0 = Release|x64
		{A5EC68A0-8DE5-4D31-8F96-AAD6A91BB36A}.Release|x86.ActiveCfg = Release|Win32
		{A5EC68A0-8DE5-4D31-8F96-AAD6A91BB36A}.Release|x86.Build.0 = Release|Win32
		{0644A2A5-19AD-483F-A085-4E2FCB159826}.Debug|x64.ActiveCfg = Debug|x64
		{0644A2A5-19AD-483F-A085-4E2FCB159826}.Debug|x64.Build.0 = Debug|x64
		{0644A2A5-19AD-483F-A085-4E2FCB159826}.Debug|x86.ActiveCfg = Debug|Win32
		{0644A2A5-19AD-483F-A085-4E2FCB159826}.Debug|x86.Build.0 = Debug|Win32
		{0644A2A5-19AD-483F-A085-4E2FCB159826}.Release|x64.ActiveCfg = Release|x64
		{0644A2A5-19AD-483F-A085-4E2FCB159826}.Release|x64.Build.0 = Release|x64
		{0644A2A5-19AD-483F-A085-4E2FCB159826}.Release|x86.ActiveCfg = Release|Win32
		{0644A2A5-19AD-483F-A085-4E2FCB159826}.Release|x86.Build.0 = Release|Win32
		{0BB04D72-89D7-44FA-8CF3-F49509731C8D}.Debug|x64.ActiveCfg = Debug|x64
		{0BB04D72-89D7-44FA-8CF3-F49509731C8D}.Debug|x64.Build.0 = Debug|x64
		{0BB04D72-89D7-44FA-8CF3-F49509731C8D}.Debug|x86.ActiveCfg = Debug|Win32
		{0BB04D72-89D7-44FA-8CF3-F49509731C8D}.Debug|x86.Build.0 = Debug|Win32
		{0BB04D72-89D7-44FA-8CF3-F49509731C8D}.Release|x64.ActiveCfg = Release|x64
		{0BB04D72-89D7-44FA-8CF3-F49509731C8D}.Release|x64.Build.0 = Release|x64
		{0BB04D72-89D7-44FA-8CF3-F49509731C8D}.Release|x86.ActiveCfg = Release|Win32
		{0BB04D72-89D7-44FA-8CF3-F49509731C8D}.Release|x86.Build.0 = Release|Win32
		{9CF87AA5-E745-4B32-AC75-D83FCFAEB919}.Debug|x64.ActiveCfg = Debug|x64
		{9CF87AA5-E745-4B32-AC75-D83FCFAEB919}.Debug|x64.Build.0 = Debug|x64
		{9CF87AA5-E745-4B32-AC75-D83FCFAEB919}.Debug|x86.ActiveCfg = Debug|Win32
		{9CF87AA5-E745-4B32-AC75-D83FCFAEB919}.Debug|x86.Build.0 = Debug|Win32
		{9CF87AA5-E745-4B32-AC75-D83FCFAEB919}.Release|x64.ActiveCfg = Release|x64
		{9CF87AA5-E745-4B32-AC75-D83FCFAEB919}.Release|x64.Build.0 = Release|x64
		{9CF87AA5-E745-4B32-AC75-D83FCFAEB919}.Release|x86.ActiveCfg = Release|Win32
		{9CF87AA5-E745-4B32-AC75-D83FCFAEB919}.Release|x86.Build.0 = Release|Win32
		{3EFE2E12-86A4-44EF-ACD3-EADE7B38F6C4}.Debug|x64.ActiveCfg = Debug|x64
		{3EFE2E12-86A4-44EF-ACD3-EADE7B38F6C4}.Debug|x64.Build.0 = Debug|x64
		{3EFE2E12-86A4-44EF-ACD3-EADE7B38F6C4}.Debug|x86.ActiveCfg = Debug|Win32
		{3EFE2E12-86A4-44EF-ACD3-EADE7B38F6C4}.Debug|x86.Build.0 = Debug|Win32
		{3EFE2E12-86A4-44EF-ACD3-EADE7B38F6C4}.Release|x64.ActiveCfg = Release|x64
		{3EFE2E12-86A4-44EF-ACD3-EADE7B38F6C4}.Release|x64.Build.0 = Release|x64
		{3EFE2E12-86A4-44EF-ACD3-EADE7B38F6C4}.Release|x86.ActiveCfg = Release|Win32
		{3EFE2E12-86A4-44EF-ACD3-EADE7B38F6C4}.Release|x86.Build.0 = Release|Win32
		{282B685C-D500-4D4C-8E3A-0B9038353CDC}.Debug|x64.ActiveCfg = Debug|x64
		{282B685C-D500-4D4C-8E3A-0B9038353CDC}.Debug|x64.Build.0 = Debug|x64
		{282B685C-D500-4D4C-8E3A-0B9038353CDC}.Debug|x86.ActiveCfg = Debug|Win32
		{282B685C-D500-4D4C-8E3A-0B9038353CDC}.Debug|x86.Build.0 = Debug|Win32
		{282B685C-D500-4D4C-8E3A-0B9038353CDC}.Release|x64.ActiveCfg = Release|x64
		{282B685C-D500-4D4C-8E3A-0B9038353CDC}.Release|x64.Build.0 = Release|x64
		{282B685C-D500-4D4C-8E3A-0B9038353CDC}.Release|x86.ActiveCfg = Release|Win32
		{282B685C-D500-4D4C-8E3A-0B9038353CDC}.Release|x86.Build.0 = Release|Win32
		{9328ADEE-F015-4E50-98F8-6772CBB3C1CD}.Debug|x64.ActiveCfg = Debug|x64
		{9328ADEE-F015-4E50-98F8-6772CBB3C1CD}.Debug|x64.Build.0 = Debug|x64
		{9328ADEE-F015-4E50-98F8-6772CBB3C1CD}.Debug|x86.ActiveCfg = Debug|Win32
		{9328ADEE-F015-4E50-98F8-6772CBB3C1CD}.Debug|x86.Build.0 = Debug|Win32
		{9328ADEE-F015-4E50-98F8-6772CBB3C1CD}.Release|x64.ActiveCfg = Release|x64
		{9328ADEE-F015-4E50-98F8-6772CBB3C1CD}.Release|x64.Build.0 = Release|x64
		{9328ADEE-F015-4E50-98F8-6772CBB3C1CD}.Release|x86.ActiveCfg = Release|Win32
		{9328ADEE-F015-4E50-98F8-6772CBB3C1CD}.Release|x86.Build.0 = Release|Win32
		{EAD15F69-78E9-4BF8-9032-C76F83003516}.Debug|x64.ActiveCfg = Debug|x64
		{EAD15F69-78E9-4BF8-9032-C76F83003516}.Debug|x64.Build.0 = Debug|x64
		{EAD15F69-78E9-4BF8-9032-C76F83003516}.Debug|x86.ActiveCfg = Debug|Win32
		{EAD15F69-78E9-4BF8-9032-C76F83003516}.Debug|x86.Build.0 = Debug|Win32
		{EAD15F69-78E9-4BF8-9032-C76F83003516}.Release|x64.ActiveCfg = Release|x64
		{EAD15F69-78E9-4BF8-9032-C76F83003516}.Release|x64.Build.0 = Release|x64
		{EAD15F69-78E9-4BF8-9032-C76F83003516}.Release|x86.ActiveCfg = Release|Win32
		{EAD15F69-78E9-4BF8-9032-C76F83003516}.Release|x86.Build.0 = Release|Win32
		{CEE7DBBC-24A3-48E2-BF52-E70C8B5F2581}.Debug|x64.ActiveCfg = Debug|x64
		{CEE7DBBC-24A3-48E2-BF52-E70C8B5F2581}.Debug|x64.Build.0 = Debug|x64
		{CEE7DBBC-24A3-48E2-BF52-E70C8B5F2581}.Debug|x86.ActiveCfg = Debug|Win32
		{CEE7DBBC-24A3-48E2-BF52-E70C8B5F2581}.Debug|x86.Build.0 = Debug|Win32
		{CEE7DBBC-24A3-48E2-BF52-E70C8B5F2581}.Release|x64.ActiveCfg = Release|x64
		{CEE7DBBC-24A3-48E2-BF52-E70C8B5F2581}.Release|x64.Build.0 = Release|x64
		{CEE7DBBC-24A3-48E2-BF52-E70C8B5F2581}.Release|x86.ActiveCfg = Release|Win32
		{CEE7DBBC-24A3-48E2-BF52-E70C8B5F2581}.Release|x86.Build.0 = Release|Win32
		{B80B24CA-BB49-4EE9-AC0A-C85EF21E92AF}.Debug|x64.ActiveCfg = Debug|x64
		{B80B24CA-BB49-4EE9-AC0A-C85EF21E92AF}.Debug|x64.Build.0 = Debug|x64
		{B80B24CA-BB49-4EE9-AC0A-C85EF21E92AF}.Debug|x86.ActiveCfg = Debug|Win32
		{B80B24CA-BB49-4EE9-AC0A-C85EF21E92AF}.Debug|x86.Build.0 = Debug|Win32
		{B80B24CA-BB49-4EE9-AC0A-C85EF21E92AF}.Release|x64.ActiveCfg = Release|x64
		{B80B24CA-BB49-4EE9-AC0A-C85EF21E92AF}.Release|x64.Build.0 = Release|x64
		{B80B24CA-BB49-4EE9-AC0A-C85EF21E92AF}.Release|x86.ActiveCfg = Release|Win32
		{B80B24CA-BB49-4EE9-AC0A-C85EF21E92AF}.Release|x86.Build.0 = Release|Win32
		{5082FBB5-DAFD-438D-BF23-F0FF2D474329}.Debug|x64.ActiveCfg = Debug|x64
		{5082FBB5-DAFD-438D-BF23-F0FF2D474329}.Debug|x64.Build.0 = Debug|x64
		{5082FBB5-DAFD-438D-BF23-F0FF2D474329}.Debug|x86.ActiveCfg = Debug|Win32
		{5082FBB5-DAFD-438D-BF23-F0FF2D474329}.Debug|x86.Build.0 = Debug|Win32
		{5082FBB5-DAFD-438D-BF23-F0FF2D474329}.Release|x64.ActiveCfg = Release|x64
		{5082FBB5-DAFD-438D-BF23-F0FF2D474329}.Release|x64.Build.0 = Release|x64
		{5082FBB5-DAFD-438D-BF23-F0FF2D474329}.Release|x86.ActiveCfg = Release|Win32
		{5082FBB5-DAFD-438D-BF23-F0FF2D474329}.Release|x86.Build.0 = Release|Win32
	EndGlobalSection
	GlobalSection(SolutionProperties) = preSolution
		HideSolutionNode = FALSE
	EndGlobalSection
	GlobalSection(ExtensibilityGlobals) = postSolution
		SolutionGuid = {ED6B6D12-B778-4395-A23E-67B470087ACB}
	EndGlobalSection
EndGlobal
